
Microsoft Visual Studio Solution File, Format Version 12.00
# Visual Studio 2013
VisualStudioVersion = 12.0.30501.0
MinimumVisualStudioVersion = 10.0.40219.1
Project("{FAE04EC0-301F-11D3-BF4B-00C04F79EFBC}") = "way2-ta02", "way2-ta02\way2-ta02.csproj", "{0E2F9E12-EC91-42F2-A0C4-226E1D41C287}"
EndProject
Project("{FAE04EC0-301F-11D3-BF4B-00C04F79EFBC}") = "way2-ta02.Tests", "way2-ta02.Tests\way2-ta02.Tests.csproj", "{BC25BC2C-91CE-4FFA-B92F-852DC54058F8}"
EndProject
Global
	GlobalSection(SolutionConfigurationPlatforms) = preSolution
		Debug|Any CPU = Debug|Any CPU
		Release|Any CPU = Release|Any CPU
	EndGlobalSection
	GlobalSection(ProjectConfigurationPlatforms) = postSolution
		{0E2F9E12-EC91-42F2-A0C4-226E1D41C287}.Debug|Any CPU.ActiveCfg = Debug|Any CPU
		{0E2F9E12-EC91-42F2-A0C4-226E1D41C287}.Debug|Any CPU.Build.0 = Debug|Any CPU
		{0E2F9E12-EC91-42F2-A0C4-226E1D41C287}.Release|Any CPU.ActiveCfg = Release|Any CPU
		{0E2F9E12-EC91-42F2-A0C4-226E1D41C287}.Release|Any CPU.Build.0 = Release|Any CPU
		{BC25BC2C-91CE-4FFA-B92F-852DC54058F8}.Debug|Any CPU.ActiveCfg = Debug|Any CPU
		{BC25BC2C-91CE-4FFA-B92F-852DC54058F8}.Debug|Any CPU.Build.0 = Debug|Any CPU
		{BC25BC2C-91CE-4FFA-B92F-852DC54058F8}.Release|Any CPU.ActiveCfg = Release|Any CPU
		{BC25BC2C-91CE-4FFA-B92F-852DC54058F8}.Release|Any CPU.Build.0 = Release|Any CPU
	EndGlobalSection
	GlobalSection(SolutionProperties) = preSolution
		HideSolutionNode = FALSE
	EndGlobalSection
EndGlobal
